
Microsoft Visual Studio Solution File, Format Version 12.00
# Visual Studio Version 16
VisualStudioVersion = 16.0.31321.278
MinimumVisualStudioVersion = 10.0.40219.1
Project("{FAE04EC0-301F-11D3-BF4B-00C04F79EFBC}") = "Random Password Generator", "Random Password Generator\Random Password Generator.csproj", "{59221D5B-2F8E-4B5F-9E28-9411FACFDDDA}"
EndProject
Global
	GlobalSection(SolutionConfigurationPlatforms) = preSolution
		Debug|Any CPU = Debug|Any CPU
		Release|Any CPU = Release|Any CPU
	EndGlobalSection
	GlobalSection(ProjectConfigurationPlatforms) = postSolution
		{59221D5B-2F8E-4B5F-9E28-9411FACFDDDA}.Debug|Any CPU.ActiveCfg = Debug|Any CPU
		{59221D5B-2F8E-4B5F-9E28-9411FACFDDDA}.Debug|Any CPU.Build.0 = Debug|Any CPU
		{59221D5B-2F8E-4B5F-9E28-9411FACFDDDA}.Release|Any CPU.ActiveCfg = Release|Any CPU
		{59221D5B-2F8E-4B5F-9E28-9411FACFDDDA}.Release|Any CPU.Build.0 = Release|Any CPU
	EndGlobalSection
	GlobalSection(SolutionProperties) = preSolution
		HideSolutionNode = FALSE
	EndGlobalSection
	GlobalSection(ExtensibilityGlobals) = postSolution
		SolutionGuid = {CE6511AF-54E1-42AC-AD9F-923FA4FAFE2E}
	EndGlobalSection
EndGlobal
